
Microsoft Visual Studio Solution File, Format Version 12.00
# Visual Studio Version 16
VisualStudioVersion = 16.0.31424.327
MinimumVisualStudioVersion = 10.0.40219.1
Project("{FAE04EC0-301F-11D3-BF4B-00C04F79EFBC}") = "NavigationIoC", "NavigationIoC\NavigationIoC.csproj", "{0A0CEC33-8940-463A-9FC8-0336593D4130}"
EndProject
Project("{FAE04EC0-301F-11D3-BF4B-00C04F79EFBC}") = "OriginMvvmLight", "OriginMvvmLight\OriginMvvmLight.csproj", "{8A9BCE98-E82E-4D9A-BF9D-5716409E443F}"
EndProject
Project("{FAE04EC0-301F-11D3-BF4B-00C04F79EFBC}") = "WPFBrowserApp", "WPFBrowserApp\WPFBrowserApp.csproj", "{C203F6BF-E635-4111-998A-D6E1F12C9FC6}"
EndProject
Project("{FAE04EC0-301F-11D3-BF4B-00C04F79EFBC}") = "ExpanderSearch", "ExpanderSearch\ExpanderSearch.csproj", "{8BD9A2BE-BA45-4383-8CB6-12ED20704743}"
EndProject
Project("{FAE04EC0-301F-11D3-BF4B-00C04F79EFBC}") = "ControlsResearch", "ControlsResearch\ControlsResearch.csproj", "{A924498D-F971-4572-9D6C-DFDBAAFE5C81}"
EndProject
Project("{2150E333-8FDC-42A3-9474-1A3956D46DE8}") = "CustomControls", "CustomControls", "{4FBC90D0-6C40-42F8-B7EC-E5E9B034034C}"
EndProject
Project("{FAE04EC0-301F-11D3-BF4B-00C04F79EFBC}") = "GHLibrary", "GHLibrary\GHLibrary.csproj", "{AA079677-D538-4797-B49D-C1FC2E3100BB}"
EndProject
Global
	GlobalSection(SolutionConfigurationPlatforms) = preSolution
		Debug|Any CPU = Debug|Any CPU
		Debug|x86 = Debug|x86
		Release|Any CPU = Release|Any CPU
		Release|x86 = Release|x86
	EndGlobalSection
	GlobalSection(ProjectConfigurationPlatforms) = postSolution
		{0A0CEC33-8940-463A-9FC8-0336593D4130}.Debug|Any CPU.ActiveCfg = Debug|Any CPU
		{0A0CEC33-8940-463A-9FC8-0336593D4130}.Debug|Any CPU.Build.0 = Debug|Any CPU
		{0A0CEC33-8940-463A-9FC8-0336593D4130}.Debug|x86.ActiveCfg = Debug|Any CPU
		{0A0CEC33-8940-463A-9FC8-0336593D4130}.Debug|x86.Build.0 = Debug|Any CPU
		{0A0CEC33-8940-463A-9FC8-0336593D4130}.Release|Any CPU.ActiveCfg = Release|Any CPU
		{0A0CEC33-8940-463A-9FC8-0336593D4130}.Release|Any CPU.Build.0 = Release|Any CPU
		{0A0CEC33-8940-463A-9FC8-0336593D4130}.Release|x86.ActiveCfg = Release|Any CPU
		{0A0CEC33-8940-463A-9FC8-0336593D4130}.Release|x86.Build.0 = Release|Any CPU
		{8A9BCE98-E82E-4D9A-BF9D-5716409E443F}.Debug|Any CPU.ActiveCfg = Debug|Any CPU
		{8A9BCE98-E82E-4D9A-BF9D-5716409E443F}.Debug|Any CPU.Build.0 = Debug|Any CPU
		{8A9BCE98-E82E-4D9A-BF9D-5716409E443F}.Debug|x86.ActiveCfg = Debug|Any CPU
		{8A9BCE98-E82E-4D9A-BF9D-5716409E443F}.Debug|x86.Build.0 = Debug|Any CPU
		{8A9BCE98-E82E-4D9A-BF9D-5716409E443F}.Release|Any CPU.ActiveCfg = Release|Any CPU
		{8A9BCE98-E82E-4D9A-BF9D-5716409E443F}.Release|Any CPU.Build.0 = Release|Any CPU
		{8A9BCE98-E82E-4D9A-BF9D-5716409E443F}.Release|x86.ActiveCfg = Release|Any CPU
		{8A9BCE98-E82E-4D9A-BF9D-5716409E443F}.Release|x86.Build.0 = Release|Any CPU
		{C203F6BF-E635-4111-998A-D6E1F12C9FC6}.Debug|Any CPU.ActiveCfg = Debug|Any CPU
		{C203F6BF-E635-4111-998A-D6E1F12C9FC6}.Debug|Any CPU.Build.0 = Debug|Any CPU
		{C203F6BF-E635-4111-998A-D6E1F12C9FC6}.Debug|x86.ActiveCfg = Debug|Any CPU
		{C203F6BF-E635-4111-998A-D6E1F12C9FC6}.Debug|x86.Build.0 = Debug|Any CPU
		{C203F6BF-E635-4111-998A-D6E1F12C9FC6}.Release|Any CPU.ActiveCfg = Release|Any CPU
		{C203F6BF-E635-4111-998A-D6E1F12C9FC6}.Release|Any CPU.Build.0 = Release|Any CPU
		{C203F6BF-E635-4111-998A-D6E1F12C9FC6}.Release|x86.ActiveCfg = Release|Any CPU
		{C203F6BF-E635-4111-998A-D6E1F12C9FC6}.Release|x86.Build.0 = Release|Any CPU
		{8BD9A2BE-BA45-4383-8CB6-12ED20704743}.Debug|Any CPU.ActiveCfg = Debug|Any CPU
		{8BD9A2BE-BA45-4383-8CB6-12ED20704743}.Debug|Any CPU.Build.0 = Debug|Any CPU
		{8BD9A2BE-BA45-4383-8CB6-12ED20704743}.Debug|x86.ActiveCfg = Debug|Any CPU
		{8BD9A2BE-BA45-4383-8CB6-12ED20704743}.Debug|x86.Build.0 = Debug|Any CPU
		{8BD9A2BE-BA45-4383-8CB6-12ED20704743}.Release|Any CPU.ActiveCfg = Release|Any CPU
		{8BD9A2BE-BA45-4383-8CB6-12ED20704743}.Release|Any CPU.Build.0 = Release|Any CPU
		{8BD9A2BE-BA45-4383-8CB6-12ED20704743}.Release|x86.ActiveCfg = Release|Any CPU
		{8BD9A2BE-BA45-4383-8CB6-12ED20704743}.Release|x86.Build.0 = Release|Any CPU
		{A924498D-F971-4572-9D6C-DFDBAAFE5C81}.Debug|Any CPU.ActiveCfg = Debug|Any CPU
		{A924498D-F971-4572-9D6C-DFDBAAFE5C81}.Debug|Any CPU.Build.0 = Debug|Any CPU
		{A924498D-F971-4572-9D6C-DFDBAAFE5C81}.Debug|x86.ActiveCfg = Debug|Any CPU
		{A924498D-F971-4572-9D6C-DFDBAAFE5C81}.Debug|x86.Build.0 = Debug|Any CPU
		{A924498D-F971-4572-9D6C-DFDBAAFE5C81}.Release|Any CPU.ActiveCfg = Release|Any CPU
		{A924498D-F971-4572-9D6C-DFDBAAFE5C81}.Release|Any CPU.Build.0 = Release|Any CPU
		{A924498D-F971-4572-9D6C-DFDBAAFE5C81}.Release|x86.ActiveCfg = Release|Any CPU
		{A924498D-F971-4572-9D6C-DFDBAAFE5C81}.Release|x86.Build.0 = Release|Any CPU
		{AA079677-D538-4797-B49D-C1FC2E3100BB}.Debug|Any CPU.ActiveCfg = Debug|Any CPU
		{AA079677-D538-4797-B49D-C1FC2E3100BB}.Debug|Any CPU.Build.0 = Debug|Any CPU
		{AA079677-D538-4797-B49D-C1FC2E3100BB}.Debug|x86.ActiveCfg = Debug|Any CPU
		{AA079677-D538-4797-B49D-C1FC2E3100BB}.Debug|x86.Build.0 = Debug|Any CPU
		{AA079677-D538-4797-B49D-C1FC2E3100BB}.Release|Any CPU.ActiveCfg = Release|Any CPU
		{AA079677-D538-4797-B49D-C1FC2E3100BB}.Release|Any CPU.Build.0 = Release|Any CPU
		{AA079677-D538-4797-B49D-C1FC2E3100BB}.Release|x86.ActiveCfg = Release|Any CPU
		{AA079677-D538-4797-B49D-C1FC2E3100BB}.Release|x86.Build.0 = Release|Any CPU
	EndGlobalSection
	GlobalSection(SolutionProperties) = preSolution
		HideSolutionNode = FALSE
	EndGlobalSection
	GlobalSection(NestedProjects) = preSolution
		{AA079677-D538-4797-B49D-C1FC2E3100BB} = {4FBC90D0-6C40-42F8-B7EC-E5E9B034034C}
	EndGlobalSection
	GlobalSection(ExtensibilityGlobals) = postSolution
		SolutionGuid = {23B89CC3-DA23-46FA-B231-287956DAF4B8}
	EndGlobalSection
EndGlobal
